
Microsoft Visual Studio Solution File, Format Version 12.00
# Visual Studio Version 17
VisualStudioVersion = 17.14.37216.2 d17.14
MinimumVisualStudioVersion = 10.0.40219.1
Project("{FAE04EC0-301F-11D3-BF4B-00C04F79EFBC}") = "ChatServer", "ChatServer\ChatServer.csproj", "{DB0BF63E-5D5E-4EEF-92B6-FC98EA4E5253}"
EndProject
Project("{FAE04EC0-301F-11D3-BF4B-00C04F79EFBC}") = "ChatClient", "ChatClient\ChatClient.csproj", "{0705A359-214A-4D53-9F5F-B1EE1E35416E}"
EndProject
Global
	GlobalSection(SolutionConfigurationPlatforms) = preSolution
		Debug|Any CPU = Debug|Any CPU
		Release|Any CPU = Release|Any CPU
	EndGlobalSection
	GlobalSection(ProjectConfigurationPlatforms) = postSolution
		{DB0BF63E-5D5E-4EEF-92B6-FC98EA4E5253}.Debug|Any CPU.ActiveCfg = Debug|Any CPU
		{DB0BF63E-5D5E-4EEF-92B6-FC98EA4E5253}.Debug|Any CPU.Build.0 = Debug|Any CPU
		{DB0BF63E-5D5E-4EEF-92B6-FC98EA4E5253}.Release|Any CPU.ActiveCfg = Release|Any CPU
		{DB0BF63E-5D5E-4EEF-92B6-FC98EA4E5253}.Release|Any CPU.Build.0 = Release|Any CPU
		{0705A359-214A-4D53-9F5F-B1EE1E35416E}.Debug|Any CPU.ActiveCfg = Debug|Any CPU
		{0705A359-214A-4D53-9F5F-B1EE1E35416E}.Debug|Any CPU.Build.0 = Debug|Any CPU
		{0705A359-214A-4D53-9F5F-B1EE1E35416E}.Release|Any CPU.ActiveCfg = Release|Any CPU
		{0705A359-214A-4D53-9F5F-B1EE1E35416E}.Release|Any CPU.Build.0 = Release|Any CPU
	EndGlobalSection
	GlobalSection(SolutionProperties) = preSolution
		HideSolutionNode = FALSE
	EndGlobalSection
	GlobalSection(ExtensibilityGlobals) = postSolution
		SolutionGuid = {D84AE40E-45EE-4CCC-A1EE-4E0BBFE6D4B1}
	EndGlobalSection
EndGlobal
